{
    "version": 3,
    "terraform_version": "0.11.7",
    "serial": 15,
    "lineage": "02b59bfc-852b-9c9e-1663-29c668128198",
    "modules": [
        {
            "path": [
                "root"
            ],
            "outputs": {
                "alb_hostname": {
                    "sensitive": false,
                    "type": "string",
                    "value": "tf-ecs-chat-654998996.us-west-2.elb.amazonaws.com"
                }
            },
            "resources": {
                "aws_alb.main": {
                    "type": "aws_alb",
                    "depends_on": [
                        "aws_security_group.lb",
                        "aws_subnet.public.*"
                    ],
                    "primary": {
                        "id": "arn:aws:elasticloadbalancing:us-west-2:617580300246:loadbalancer/app/tf-ecs-chat/a0378157d81711d2",
                        "attributes": {
                            "access_logs.#": "0",
                            "arn": "arn:aws:elasticloadbalancing:us-west-2:617580300246:loadbalancer/app/tf-ecs-chat/a0378157d81711d2",
                            "arn_suffix": "app/tf-ecs-chat/a0378157d81711d2",
                            "dns_name": "tf-ecs-chat-654998996.us-west-2.elb.amazonaws.com",
                            "enable_deletion_protection": "false",
                            "enable_http2": "true",
                            "id": "arn:aws:elasticloadbalancing:us-west-2:617580300246:loadbalancer/app/tf-ecs-chat/a0378157d81711d2",
                            "idle_timeout": "60",
                            "internal": "false",
                            "ip_address_type": "ipv4",
                            "load_balancer_type": "application",
                            "name": "tf-ecs-chat",
                            "security_groups.#": "1",
                            "security_groups.2983079679": "sg-1759ce66",
                            "subnet_mapping.#": "0",
                            "subnets.#": "2",
                            "subnets.2755189605": "subnet-3dd45476",
                            "subnets.3950245066": "subnet-72bed90b",
                            "tags.%": "0",
                            "vpc_id": "vpc-84edeefd",
                            "zone_id": "Z1H1FL5HABSF5"
                        },
                        "meta": {
                            "e2bfb730-ecaa-11e6-8f88-34363bc7c4c0": {
                                "create": 600000000000,
                                "delete": 600000000000,
                                "update": 600000000000
                            }
                        },
                        "tainted": false
                    },
                    "deposed": [],
                    "provider": "provider.aws"
                },
                "aws_alb_listener.front_end": {
                    "type": "aws_alb_listener",
                    "depends_on": [
                        "aws_alb.main",
                        "aws_alb_target_group.app"
                    ],
                    "primary": {
                        "id": "arn:aws:elasticloadbalancing:us-west-2:617580300246:listener/app/tf-ecs-chat/a0378157d81711d2/90246b0069a82eb1",
                        "attributes": {
                            "arn": "arn:aws:elasticloadbalancing:us-west-2:617580300246:listener/app/tf-ecs-chat/a0378157d81711d2/90246b0069a82eb1",
                            "default_action.#": "1",
                            "default_action.0.target_group_arn": "arn:aws:elasticloadbalancing:us-west-2:617580300246:targetgroup/tf-ecs-chat/d5531bb2754706cd",
                            "default_action.0.type": "forward",
                            "id": "arn:aws:elasticloadbalancing:us-west-2:617580300246:listener/app/tf-ecs-chat/a0378157d81711d2/90246b0069a82eb1",
                            "load_balancer_arn": "arn:aws:elasticloadbalancing:us-west-2:617580300246:loadbalancer/app/tf-ecs-chat/a0378157d81711d2",
                            "port": "80",
                            "protocol": "HTTP",
                            "ssl_policy": ""
                        },
                        "meta": {},
                        "tainted": false
                    },
                    "deposed": [],
                    "provider": "provider.aws"
                },
                "aws_alb_target_group.app": {
                    "type": "aws_alb_target_group",
                    "depends_on": [
                        "aws_vpc.main"
                    ],
                    "primary": {
                        "id": "arn:aws:elasticloadbalancing:us-west-2:617580300246:targetgroup/tf-ecs-chat/d5531bb2754706cd",
                        "attributes": {
                            "arn": "arn:aws:elasticloadbalancing:us-west-2:617580300246:targetgroup/tf-ecs-chat/d5531bb2754706cd",
                            "arn_suffix": "targetgroup/tf-ecs-chat/d5531bb2754706cd",
                            "deregistration_delay": "300",
                            "health_check.#": "1",
                            "health_check.0.healthy_threshold": "5",
                            "health_check.0.interval": "30",
                            "health_check.0.matcher": "200",
                            "health_check.0.path": "/",
                            "health_check.0.port": "traffic-port",
                            "health_check.0.protocol": "HTTP",
                            "health_check.0.timeout": "5",
                            "health_check.0.unhealthy_threshold": "2",
                            "id": "arn:aws:elasticloadbalancing:us-west-2:617580300246:targetgroup/tf-ecs-chat/d5531bb2754706cd",
                            "name": "tf-ecs-chat",
                            "port": "80",
                            "protocol": "HTTP",
                            "proxy_protocol_v2": "false",
                            "slow_start": "0",
                            "stickiness.#": "1",
                            "stickiness.0.cookie_duration": "86400",
                            "stickiness.0.enabled": "false",
                            "stickiness.0.type": "lb_cookie",
                            "tags.%": "0",
                            "target_type": "ip",
                            "vpc_id": "vpc-84edeefd"
                        },
                        "meta": {},
                        "tainted": false
                    },
                    "deposed": [],
                    "provider": "provider.aws"
                },
                "aws_ecs_cluster.main": {
                    "type": "aws_ecs_cluster",
                    "depends_on": [],
                    "primary": {
                        "id": "arn:aws:ecs:us-west-2:617580300246:cluster/tf-ecs-cluster",
                        "attributes": {
                            "arn": "arn:aws:ecs:us-west-2:617580300246:cluster/tf-ecs-cluster",
                            "id": "arn:aws:ecs:us-west-2:617580300246:cluster/tf-ecs-cluster",
                            "name": "tf-ecs-cluster"
                        },
                        "meta": {},
                        "tainted": false
                    },
                    "deposed": [],
                    "provider": "provider.aws"
                },
                "aws_ecs_service.main": {
                    "type": "aws_ecs_service",
                    "depends_on": [
                        "aws_alb_listener.front_end",
                        "aws_alb_target_group.app",
                        "aws_ecs_cluster.main",
                        "aws_ecs_task_definition.app",
                        "aws_security_group.ecs_tasks",
                        "aws_subnet.private.*"
                    ],
                    "primary": {
                        "id": "arn:aws:ecs:us-west-2:617580300246:service/tf-ecs-service",
                        "attributes": {
                            "cluster": "arn:aws:ecs:us-west-2:617580300246:cluster/tf-ecs-cluster",
                            "deployment_maximum_percent": "200",
                            "deployment_minimum_healthy_percent": "100",
                            "desired_count": "2",
                            "health_check_grace_period_seconds": "0",
                            "iam_role": "aws-service-role",
                            "id": "arn:aws:ecs:us-west-2:617580300246:service/tf-ecs-service",
                            "launch_type": "FARGATE",
                            "load_balancer.#": "1",
                            "load_balancer.3963901096.container_name": "app",
                            "load_balancer.3963901096.container_port": "80",
                            "load_balancer.3963901096.elb_name": "",
                            "load_balancer.3963901096.target_group_arn": "arn:aws:elasticloadbalancing:us-west-2:617580300246:targetgroup/tf-ecs-chat/d5531bb2754706cd",
                            "name": "tf-ecs-service",
                            "network_configuration.#": "1",
                            "network_configuration.0.assign_public_ip": "false",
                            "network_configuration.0.security_groups.#": "1",
                            "network_configuration.0.security_groups.3682222930": "sg-f14cdb80",
                            "network_configuration.0.subnets.#": "2",
                            "network_configuration.0.subnets.2343116649": "subnet-a0bfd8d9",
                            "network_configuration.0.subnets.3227587346": "subnet-f7d353bc",
                            "ordered_placement_strategy.#": "0",
                            "placement_constraints.#": "0",
                            "service_registries.#": "0",
                            "task_definition": "arn:aws:ecs:us-west-2:617580300246:task-definition/app:2"
                        },
                        "meta": {},
                        "tainted": false
                    },
                    "deposed": [],
                    "provider": "provider.aws"
                },
                "aws_ecs_task_definition.app": {
                    "type": "aws_ecs_task_definition",
                    "depends_on": [],
                    "primary": {
                        "id": "app",
                        "attributes": {
                            "arn": "arn:aws:ecs:us-west-2:617580300246:task-definition/app:2",
                            "container_definitions": "[{\"cpu\":1024,\"environment\":[],\"essential\":true,\"image\":\"617580300246.dkr.ecr.us-west-2.amazonaws.com/docassemble\",\"memory\":2048,\"mountPoints\":[],\"name\":\"app\",\"portMappings\":[{\"containerPort\":80,\"hostPort\":80,\"protocol\":\"tcp\"}],\"volumesFrom\":[]}]",
                            "cpu": "1024",
                            "execution_role_arn": "arn:aws:iam::617580300246:role/ecsTaskExecutionRole",
                            "family": "app",
                            "id": "app",
                            "memory": "2048",
                            "network_mode": "awsvpc",
                            "placement_constraints.#": "0",
                            "requires_compatibilities.#": "1",
                            "requires_compatibilities.3072437307": "FARGATE",
                            "revision": "2",
                            "task_role_arn": "",
                            "volume.#": "0"
                        },
                        "meta": {
                            "schema_version": "1"
                        },
                        "tainted": false
                    },
                    "deposed": [],
                    "provider": "provider.aws"
                },
                "aws_eip.gw.0": {
                    "type": "aws_eip",
                    "depends_on": [
                        "aws_internet_gateway.gw"
                    ],
                    "primary": {
                        "id": "eipalloc-52433b6e",
                        "attributes": {
                            "association_id": "eipassoc-4100998c",
                            "domain": "vpc",
                            "id": "eipalloc-52433b6e",
                            "instance": "",
                            "network_interface": "eni-2ab3e922",
                            "private_ip": "172.17.2.111",
                            "public_ip": "54.203.53.3",
                            "tags.%": "0",
                            "vpc": "true"
                        },
                        "meta": {
                            "e2bfb730-ecaa-11e6-8f88-34363bc7c4c0": {
                                "delete": 180000000000,
                                "read": 900000000000,
                                "update": 300000000000
                            }
                        },
                        "tainted": false
                    },
                    "deposed": [],
                    "provider": "provider.aws"
                },
                "aws_eip.gw.1": {
                    "type": "aws_eip",
                    "depends_on": [
                        "aws_internet_gateway.gw"
                    ],
                    "primary": {
                        "id": "eipalloc-d24139ee",
                        "attributes": {
                            "association_id": "eipassoc-28bdf9d4",
                            "domain": "vpc",
                            "id": "eipalloc-d24139ee",
                            "instance": "",
                            "network_interface": "eni-3732b90f",
                            "private_ip": "172.17.3.83",
                            "public_ip": "35.161.72.172",
                            "tags.%": "0",
                            "vpc": "true"
                        },
                        "meta": {
                            "e2bfb730-ecaa-11e6-8f88-34363bc7c4c0": {
                                "delete": 180000000000,
                                "read": 900000000000,
                                "update": 300000000000
                            }
                        },
                        "tainted": false
                    },
                    "deposed": [],
                    "provider": "provider.aws"
                },
                "aws_internet_gateway.gw": {
                    "type": "aws_internet_gateway",
                    "depends_on": [
                        "aws_vpc.main"
                    ],
                    "primary": {
                        "id": "igw-e44b0482",
                        "attributes": {
                            "id": "igw-e44b0482",
                            "tags.%": "0",
                            "vpc_id": "vpc-84edeefd"
                        },
                        "meta": {},
                        "tainted": false
                    },
                    "deposed": [],
                    "provider": "provider.aws"
                },
                "aws_nat_gateway.gw.0": {
                    "type": "aws_nat_gateway",
                    "depends_on": [
                        "aws_eip.gw.*",
                        "aws_subnet.public.*"
                    ],
                    "primary": {
                        "id": "nat-0686293ba2287e64a",
                        "attributes": {
                            "allocation_id": "eipalloc-52433b6e",
                            "id": "nat-0686293ba2287e64a",
                            "network_interface_id": "eni-2ab3e922",
                            "private_ip": "172.17.2.111",
                            "public_ip": "54.203.53.3",
                            "subnet_id": "subnet-3dd45476",
                            "tags.%": "0"
                        },
                        "meta": {},
                        "tainted": false
                    },
                    "deposed": [],
                    "provider": "provider.aws"
                },
                "aws_nat_gateway.gw.1": {
                    "type": "aws_nat_gateway",
                    "depends_on": [
                        "aws_eip.gw.*",
                        "aws_subnet.public.*"
                    ],
                    "primary": {
                        "id": "nat-0bf71fc0e8b6ff9ab",
                        "attributes": {
                            "allocation_id": "eipalloc-d24139ee",
                            "id": "nat-0bf71fc0e8b6ff9ab",
                            "network_interface_id": "eni-3732b90f",
                            "private_ip": "172.17.3.83",
                            "public_ip": "35.161.72.172",
                            "subnet_id": "subnet-72bed90b",
                            "tags.%": "0"
                        },
                        "meta": {},
                        "tainted": false
                    },
                    "deposed": [],
                    "provider": "provider.aws"
                },
                "aws_route.internet_access": {
                    "type": "aws_route",
                    "depends_on": [
                        "aws_internet_gateway.gw",
                        "aws_vpc.main"
                    ],
                    "primary": {
                        "id": "r-rtb-7fd3c5071080289494",
                        "attributes": {
                            "destination_cidr_block": "0.0.0.0/0",
                            "destination_prefix_list_id": "",
                            "egress_only_gateway_id": "",
                            "gateway_id": "igw-e44b0482",
                            "id": "r-rtb-7fd3c5071080289494",
                            "instance_id": "",
                            "instance_owner_id": "",
                            "nat_gateway_id": "",
                            "network_interface_id": "",
                            "origin": "CreateRoute",
                            "route_table_id": "rtb-7fd3c507",
                            "state": "active",
                            "vpc_peering_connection_id": ""
                        },
                        "meta": {
                            "e2bfb730-ecaa-11e6-8f88-34363bc7c4c0": {
                                "create": 120000000000,
                                "delete": 300000000000
                            }
                        },
                        "tainted": false
                    },
                    "deposed": [],
                    "provider": "provider.aws"
                },
                "aws_route_table.private.0": {
                    "type": "aws_route_table",
                    "depends_on": [
                        "aws_nat_gateway.gw.*",
                        "aws_vpc.main"
                    ],
                    "primary": {
                        "id": "rtb-8edec8f6",
                        "attributes": {
                            "id": "rtb-8edec8f6",
                            "propagating_vgws.#": "0",
                            "route.#": "1",
                            "route.3287691755.cidr_block": "0.0.0.0/0",
                            "route.3287691755.egress_only_gateway_id": "",
                            "route.3287691755.gateway_id": "",
                            "route.3287691755.instance_id": "",
                            "route.3287691755.ipv6_cidr_block": "",
                            "route.3287691755.nat_gateway_id": "nat-0686293ba2287e64a",
                            "route.3287691755.network_interface_id": "",
                            "route.3287691755.vpc_peering_connection_id": "",
                            "tags.%": "0",
                            "vpc_id": "vpc-84edeefd"
                        },
                        "meta": {},
                        "tainted": false
                    },
                    "deposed": [],
                    "provider": "provider.aws"
                },
                "aws_route_table.private.1": {
                    "type": "aws_route_table",
                    "depends_on": [
                        "aws_nat_gateway.gw.*",
                        "aws_vpc.main"
                    ],
                    "primary": {
                        "id": "rtb-37d0c64f",
                        "attributes": {
                            "id": "rtb-37d0c64f",
                            "propagating_vgws.#": "0",
                            "route.#": "1",
                            "route.3900591623.cidr_block": "0.0.0.0/0",
                            "route.3900591623.egress_only_gateway_id": "",
                            "route.3900591623.gateway_id": "",
                            "route.3900591623.instance_id": "",
                            "route.3900591623.ipv6_cidr_block": "",
                            "route.3900591623.nat_gateway_id": "nat-0bf71fc0e8b6ff9ab",
                            "route.3900591623.network_interface_id": "",
                            "route.3900591623.vpc_peering_connection_id": "",
                            "tags.%": "0",
                            "vpc_id": "vpc-84edeefd"
                        },
                        "meta": {},
                        "tainted": false
                    },
                    "deposed": [],
                    "provider": "provider.aws"
                },
                "aws_route_table_association.private.0": {
                    "type": "aws_route_table_association",
                    "depends_on": [
                        "aws_route_table.private.*",
                        "aws_subnet.private.*"
                    ],
                    "primary": {
                        "id": "rtbassoc-c8e1e2b2",
                        "attributes": {
                            "id": "rtbassoc-c8e1e2b2",
                            "route_table_id": "rtb-8edec8f6",
                            "subnet_id": "subnet-f7d353bc"
                        },
                        "meta": {},
                        "tainted": false
                    },
                    "deposed": [],
                    "provider": "provider.aws"
                },
                "aws_route_table_association.private.1": {
                    "type": "aws_route_table_association",
                    "depends_on": [
                        "aws_route_table.private.*",
                        "aws_subnet.private.*"
                    ],
                    "primary": {
                        "id": "rtbassoc-bddeddc7",
                        "attributes": {
                            "id": "rtbassoc-bddeddc7",
                            "route_table_id": "rtb-37d0c64f",
                            "subnet_id": "subnet-a0bfd8d9"
                        },
                        "meta": {},
                        "tainted": false
                    },
                    "deposed": [],
                    "provider": "provider.aws"
                },
                "aws_security_group.ecs_tasks": {
                    "type": "aws_security_group",
                    "depends_on": [
                        "aws_security_group.lb",
                        "aws_vpc.main"
                    ],
                    "primary": {
                        "id": "sg-f14cdb80",
                        "attributes": {
                            "arn": "arn:aws:ec2:us-west-2:617580300246:security-group/sg-f14cdb80",
                            "description": "allow inbound access from the ALB only",
                            "egress.#": "1",
                            "egress.482069346.cidr_blocks.#": "1",
                            "egress.482069346.cidr_blocks.0": "0.0.0.0/0",
                            "egress.482069346.description": "",
                            "egress.482069346.from_port": "0",
                            "egress.482069346.ipv6_cidr_blocks.#": "0",
                            "egress.482069346.prefix_list_ids.#": "0",
                            "egress.482069346.protocol": "-1",
                            "egress.482069346.security_groups.#": "0",
                            "egress.482069346.self": "false",
                            "egress.482069346.to_port": "0",
                            "id": "sg-f14cdb80",
                            "ingress.#": "1",
                            "ingress.1373070612.cidr_blocks.#": "0",
                            "ingress.1373070612.description": "",
                            "ingress.1373070612.from_port": "80",
                            "ingress.1373070612.ipv6_cidr_blocks.#": "0",
                            "ingress.1373070612.protocol": "tcp",
                            "ingress.1373070612.security_groups.#": "1",
                            "ingress.1373070612.security_groups.2983079679": "sg-1759ce66",
                            "ingress.1373070612.self": "false",
                            "ingress.1373070612.to_port": "80",
                            "name": "tf-ecs-tasks",
                            "owner_id": "617580300246",
                            "revoke_rules_on_delete": "false",
                            "tags.%": "0",
                            "vpc_id": "vpc-84edeefd"
                        },
                        "meta": {
                            "e2bfb730-ecaa-11e6-8f88-34363bc7c4c0": {
                                "create": 600000000000,
                                "delete": 600000000000
                            },
                            "schema_version": "1"
                        },
                        "tainted": false
                    },
                    "deposed": [],
                    "provider": "provider.aws"
                },
                "aws_security_group.lb": {
                    "type": "aws_security_group",
                    "depends_on": [
                        "aws_vpc.main"
                    ],
                    "primary": {
                        "id": "sg-1759ce66",
                        "attributes": {
                            "arn": "arn:aws:ec2:us-west-2:617580300246:security-group/sg-1759ce66",
                            "description": "controls access to the ALB",
                            "egress.#": "1",
                            "egress.482069346.cidr_blocks.#": "1",
                            "egress.482069346.cidr_blocks.0": "0.0.0.0/0",
                            "egress.482069346.description": "",
                            "egress.482069346.from_port": "0",
                            "egress.482069346.ipv6_cidr_blocks.#": "0",
                            "egress.482069346.prefix_list_ids.#": "0",
                            "egress.482069346.protocol": "-1",
                            "egress.482069346.security_groups.#": "0",
                            "egress.482069346.self": "false",
                            "egress.482069346.to_port": "0",
                            "id": "sg-1759ce66",
                            "ingress.#": "1",
                            "ingress.2214680975.cidr_blocks.#": "1",
                            "ingress.2214680975.cidr_blocks.0": "0.0.0.0/0",
                            "ingress.2214680975.description": "",
                            "ingress.2214680975.from_port": "80",
                            "ingress.2214680975.ipv6_cidr_blocks.#": "0",
                            "ingress.2214680975.protocol": "tcp",
                            "ingress.2214680975.security_groups.#": "0",
                            "ingress.2214680975.self": "false",
                            "ingress.2214680975.to_port": "80",
                            "name": "tf-ecs-alb",
                            "owner_id": "617580300246",
                            "revoke_rules_on_delete": "false",
                            "tags.%": "0",
                            "vpc_id": "vpc-84edeefd"
                        },
                        "meta": {
                            "e2bfb730-ecaa-11e6-8f88-34363bc7c4c0": {
                                "create": 600000000000,
                                "delete": 600000000000
                            },
                            "schema_version": "1"
                        },
                        "tainted": false
                    },
                    "deposed": [],
                    "provider": "provider.aws"
                },
                "aws_subnet.private.0": {
                    "type": "aws_subnet",
                    "depends_on": [
                        "aws_vpc.main",
                        "data.aws_availability_zones.available"
                    ],
                    "primary": {
                        "id": "subnet-f7d353bc",
                        "attributes": {
                            "assign_ipv6_address_on_creation": "false",
                            "availability_zone": "us-west-2a",
                            "cidr_block": "172.17.0.0/24",
                            "id": "subnet-f7d353bc",
                            "map_public_ip_on_launch": "false",
                            "tags.%": "0",
                            "vpc_id": "vpc-84edeefd"
                        },
                        "meta": {
                            "schema_version": "1"
                        },
                        "tainted": false
                    },
                    "deposed": [],
                    "provider": "provider.aws"
                },
                "aws_subnet.private.1": {
                    "type": "aws_subnet",
                    "depends_on": [
                        "aws_vpc.main",
                        "data.aws_availability_zones.available"
                    ],
                    "primary": {
                        "id": "subnet-a0bfd8d9",
                        "attributes": {
                            "assign_ipv6_address_on_creation": "false",
                            "availability_zone": "us-west-2b",
                            "cidr_block": "172.17.1.0/24",
                            "id": "subnet-a0bfd8d9",
                            "map_public_ip_on_launch": "false",
                            "tags.%": "0",
                            "vpc_id": "vpc-84edeefd"
                        },
                        "meta": {
                            "schema_version": "1"
                        },
                        "tainted": false
                    },
                    "deposed": [],
                    "provider": "provider.aws"
                },
                "aws_subnet.public.0": {
                    "type": "aws_subnet",
                    "depends_on": [
                        "aws_vpc.main",
                        "data.aws_availability_zones.available"
                    ],
                    "primary": {
                        "id": "subnet-3dd45476",
                        "attributes": {
                            "assign_ipv6_address_on_creation": "false",
                            "availability_zone": "us-west-2a",
                            "cidr_block": "172.17.2.0/24",
                            "id": "subnet-3dd45476",
                            "map_public_ip_on_launch": "true",
                            "tags.%": "0",
                            "vpc_id": "vpc-84edeefd"
                        },
                        "meta": {
                            "schema_version": "1"
                        },
                        "tainted": false
                    },
                    "deposed": [],
                    "provider": "provider.aws"
                },
                "aws_subnet.public.1": {
                    "type": "aws_subnet",
                    "depends_on": [
                        "aws_vpc.main",
                        "data.aws_availability_zones.available"
                    ],
                    "primary": {
                        "id": "subnet-72bed90b",
                        "attributes": {
                            "assign_ipv6_address_on_creation": "false",
                            "availability_zone": "us-west-2b",
                            "cidr_block": "172.17.3.0/24",
                            "id": "subnet-72bed90b",
                            "map_public_ip_on_launch": "true",
                            "tags.%": "0",
                            "vpc_id": "vpc-84edeefd"
                        },
                        "meta": {
                            "schema_version": "1"
                        },
                        "tainted": false
                    },
                    "deposed": [],
                    "provider": "provider.aws"
                },
                "aws_vpc.main": {
                    "type": "aws_vpc",
                    "depends_on": [],
                    "primary": {
                        "id": "vpc-84edeefd",
                        "attributes": {
                            "assign_generated_ipv6_cidr_block": "false",
                            "cidr_block": "172.17.0.0/16",
                            "default_network_acl_id": "acl-930192eb",
                            "default_route_table_id": "rtb-7fd3c507",
                            "default_security_group_id": "sg-5058cf21",
                            "dhcp_options_id": "dopt-ed58918b",
                            "enable_classiclink": "false",
                            "enable_classiclink_dns_support": "false",
                            "enable_dns_hostnames": "false",
                            "enable_dns_support": "true",
                            "id": "vpc-84edeefd",
                            "instance_tenancy": "default",
                            "main_route_table_id": "rtb-7fd3c507",
                            "tags.%": "0"
                        },
                        "meta": {
                            "schema_version": "1"
                        },
                        "tainted": false
                    },
                    "deposed": [],
                    "provider": "provider.aws"
                },
                "data.aws_availability_zones.available": {
                    "type": "aws_availability_zones",
                    "depends_on": [],
                    "primary": {
                        "id": "2018-06-04 05:03:43.574808 +0000 UTC",
                        "attributes": {
                            "id": "2018-06-04 05:03:43.574808 +0000 UTC",
                            "names.#": "3",
                            "names.0": "us-west-2a",
                            "names.1": "us-west-2b",
                            "names.2": "us-west-2c"
                        },
                        "meta": {},
                        "tainted": false
                    },
                    "deposed": [],
                    "provider": "provider.aws"
                }
            },
            "depends_on": []
        }
    ]
}
